# THIS IS AN AUTOGENERATED FILE. DO NOT EDIT THIS FILE DIRECTLY.
# yarn lockfile v1


parsegraph-animatedspotlight@^2.0.49:
  version "2.0.49"
  resolved "https://registry.yarnpkg.com/parsegraph-animatedspotlight/-/parsegraph-animatedspotlight-2.0.49.tgz#922b09a6529db9858b17b776bc2bc83592cd61c0"
  integrity sha512-7wcPbfEFuwVvo97uS8UuY/puw9JE2M+t/wa42QINMPlbfLLdQy0us+ZI9LtFSdwlU0YGsjyfhaJtOlTrDJI2JQ==
  dependencies:
    parsegraph-animator "^1.5.10"
    parsegraph-color "^1.4.12"
    parsegraph-direction "^2.2.3"
    parsegraph-layout "^1.13.16"
    parsegraph-lerp "^1.5.11"
    parsegraph-matrix "^1.4.15"
    parsegraph-method "^1.4.25"
    parsegraph-projector "^1.14.8"
    parsegraph-smoothstep "^1.4.8"
    parsegraph-spotlightpainter "^2.3.16"
    parsegraph-timing "^1.4.19"
    parsegraph-timingbelt "^1.8.3"

parsegraph-animator@^1.5.10:
  version "1.5.10"
  resolved "https://registry.yarnpkg.com/parsegraph-animator/-/parsegraph-animator-1.5.10.tgz#b45cc2eab86c1b6296e6492ffb0c031fcd422164"
  integrity sha512-jdMYSft8s1Lc+CuAJIPQagoN9R8h/a6ikjWK+0SIh7XL6hCsDbXIRgHB03+Fo9PQWdsbnkV+XV151t5t/mpShg==

parsegraph-artist@^3.4.61:
  version "3.4.61"
  resolved "https://registry.yarnpkg.com/parsegraph-artist/-/parsegraph-artist-3.4.61.tgz#f055009c1907b824969c0742b9856811882c1409"
  integrity sha512-LJ30bPcTRL8qCF64aOk6zC0UbfCuTOg0Vq4C4gx8vNC/LikF6cshQJjRpdRLn3pJwrLuCzh05S1OQUm3M9V5+A==
  dependencies:
    parsegraph-camera "^1.4.22"
    parsegraph-color "^1.4.12"
    parsegraph-compileprogram "^2.2.20"
    parsegraph-direction "^2.2.3"
    parsegraph-interact "^1.7.5"
    parsegraph-layout "^1.13.16"
    parsegraph-matrix "^1.4.15"
    parsegraph-method "^1.4.25"
    parsegraph-projector "^1.14.8"
    parsegraph-scene "^2.3.30"
    parsegraph-showincamera "^1.7.14"
    parsegraph-size "^1.7.4"
    parsegraph-timing "^1.4.19"
    parsegraph-timingbelt "^1.8.3"

parsegraph-block@^4.6.17, parsegraph-block@^4.6.20:
  version "4.6.20"
  resolved "https://registry.yarnpkg.com/parsegraph-block/-/parsegraph-block-4.6.20.tgz#30dce7bb1f8a10493123c59d802b397dad3da54d"
  integrity sha512-EwNIAlWntSo/gF0owRrHgmYTYXDb7rg20YzcSXx36GVIheS+qsEaJkjhJg+LZ/rKQy+ILK5jdo35EDR3yyicLQ==
  dependencies:
    parsegraph-artist "^3.4.61"
    parsegraph-blockpainter "^1.7.8"
    parsegraph-camera "^1.4.22"
    parsegraph-color "^1.4.12"
    parsegraph-direction "^2.2.3"
    parsegraph-font "^1.7.6"
    parsegraph-method "^1.4.25"
    parsegraph-projector "^1.14.8"
    parsegraph-rect "^1.5.4"
    parsegraph-scene "^2.3.30"
    parsegraph-showincamera "^1.7.14"
    parsegraph-size "^1.7.4"
    parsegraph-timing "^1.4.19"
    parsegraph-timingbelt "^1.8.3"

parsegraph-blockpainter@^1.7.8:
  version "1.7.9"
  resolved "https://registry.yarnpkg.com/parsegraph-blockpainter/-/parsegraph-blockpainter-1.7.9.tgz#8088ea005e883a63ea350ca9692eab51ae470e83"
  integrity sha512-TPvjPkE8M4Ec6+sJTrEFpNbGlbrCRRN9wBidJMnISNSZqzdy1uL4fK5w2NGqX4MVKGd2oSkx8ZmuRAlTT1fO9w==
  dependencies:
    parsegraph-color "^1.4.12"
    parsegraph-compileprogram "^2.2.20"
    parsegraph-matrix "^1.4.15"
    parsegraph-rect "^1.5.4"

parsegraph-camera@^1.4.22:
  version "1.4.22"
  resolved "https://registry.yarnpkg.com/parsegraph-camera/-/parsegraph-camera-1.4.22.tgz#e5e95703f90ff477a3ab4f29bfd698a0d58f2680"
  integrity sha512-EGSDngJ0a73XasfXyN/JVEuJBAemGCqdwXxyQzPjyeAW7DB9/v0EczHGNJIie4TGbbvJO5oppJuI8fWfF53B9w==
  dependencies:
    parsegraph-matrix "^1.4.15"
    parsegraph-rect "^1.5.4"

parsegraph-checkglerror@^1.5.7:
  version "1.5.7"
  resolved "https://registry.yarnpkg.com/parsegraph-checkglerror/-/parsegraph-checkglerror-1.5.7.tgz#5c8f0d035b683130148eb3c41127700fca440e67"
  integrity sha512-Tzf4i2fQU2fh/fBj/I+NOs+5S9UM876zFruGyTyWzFjIDJVBMPo3MbwjohTD7vj4FhjmxmFMorJaru2aSJinSQ==

parsegraph-color@^1.4.12:
  version "1.4.12"
  resolved "https://registry.yarnpkg.com/parsegraph-color/-/parsegraph-color-1.4.12.tgz#f3a61f564dd4a38f083a761c94faf8d6dabf3e84"
  integrity sha512-IsKYmptSMjHejvHdD4/m85rG5oSRYJ2QwA49gbROwdbcuvK7Bdzu5qt4pUg0ed2ks+T1Lqg/0+HQjKgwTkVGQA==

parsegraph-compileprogram@^2.2.20:
  version "2.2.20"
  resolved "https://registry.yarnpkg.com/parsegraph-compileprogram/-/parsegraph-compileprogram-2.2.20.tgz#ed824695c6df936c956c2164d4f60448df1f2e46"
  integrity sha512-AWwpgnYkVpw37ppaNRqMxenoRz2G2tqKUgEr81HcKUjD3+P2EclN7BaNLAMsjbhfx64iBWpikVIH2MtRrY0AEg==
  dependencies:
    parsegraph-color "^1.4.12"
    parsegraph-method "^1.4.25"
    parsegraph-rect "^1.5.4"
    parsegraph-shader "^1.5.8"

parsegraph-direction@^2.2.3:
  version "2.2.3"
  resolved "https://registry.yarnpkg.com/parsegraph-direction/-/parsegraph-direction-2.2.3.tgz#ab5d4d21eb15952f066bee42524fc1b181ef572d"
  integrity sha512-l6Y6zfH3OJzdOZcdg8umS/67wvVokvcBHcc4HDHnbjAU3JXG2MQPWiOGIP5t8kPhGxEpq4+u2K+Pqpj0wrHRQQ==
  dependencies:
    parsegraph-generateid "^1.4.11"
    parsegraph-timing "^1.4.17"

parsegraph-direction@^2.2.4:
  version "2.2.4"
  resolved "https://registry.yarnpkg.com/parsegraph-direction/-/parsegraph-direction-2.2.4.tgz#66a9d76b755971b9eb01b736f485c90d5a1076a9"
  integrity sha512-a18JV66cHa37cxqI8/g7MwgS9q+92YAYwUZEgq1DMxl2AMTj8wpMcC3in2ZQNOE4S+vXNvdBTxaoHDK8Y6N9QQ==
  dependencies:
    parsegraph-generateid "^1.4.11"
    parsegraph-timing "^1.4.19"

parsegraph-extent@^1.4.14:
  version "1.4.14"
  resolved "https://registry.yarnpkg.com/parsegraph-extent/-/parsegraph-extent-1.4.14.tgz#5c76221482fece89c330f9d5cec14c8fa5128b7b"
  integrity sha512-FQ5It9tdkimD0hKUw8o59OIBiQhrhDTFNXKizpbNV5tA6v9gzwZ3qBj3zRgy82WgETEMSiNXbqaoG3bjRTdnfg==
  dependencies:
    parsegraph-fuzzyequals "^1.4.12"
    parsegraph-gettimeinmillis "^1.4.9"

parsegraph-fanpainter@^1.6.18:
  version "1.6.18"
  resolved "https://registry.yarnpkg.com/parsegraph-fanpainter/-/parsegraph-fanpainter-1.6.18.tgz#dc2e544f78f31b98ce537027fa0902c2c002f416"
  integrity sha512-g0m5Rp3VZg7Kuq1YD2RsH4yzDAdfOZmRPyjDu5zfRECNlgLMLdpCsKlvWNLnirJFI85tvLAW2CnMUKlgTO/jlA==
  dependencies:
    parsegraph-color "^1.4.12"
    parsegraph-compileprogram "^2.2.20"
    parsegraph-matrix "^1.4.15"
    parsegraph-pagingbuffer "^2.1.7"
    parsegraph-toradians "^1.4.12"

parsegraph-font@^1.7.6:
  version "1.7.6"
  resolved "https://registry.yarnpkg.com/parsegraph-font/-/parsegraph-font-1.7.6.tgz#42911547316f3d8482af4f5545a27c99236a099b"
  integrity sha512-y+hdOfdJydtrydAzojqcFNWPqx5JCp8I3oMRTsn2hr9AWofeYVlw+0UrXZQ8MQtclhN8n7jZFbHs5pk9hUy1zA==

parsegraph-fuzzyequals@^1.4.12:
  version "1.4.12"
  resolved "https://registry.yarnpkg.com/parsegraph-fuzzyequals/-/parsegraph-fuzzyequals-1.4.12.tgz#fbeea56695104a3791b3ba194ad589d85281a75c"
  integrity sha512-rpI9Pb0wt8DiVOl1Cvw4kTjs+KjRSS7ktNeGuMz2h4dPEOM1WmhKVjixomYh/PY3VMjbm9xhzZDYG0jaBsZlRg==

parsegraph-generateid@^1.4.11:
  version "1.4.11"
  resolved "https://registry.yarnpkg.com/parsegraph-generateid/-/parsegraph-generateid-1.4.11.tgz#fc025bb5a37477321de8d3a5c68f031f4e7f0a5c"
  integrity sha512-rSsIjeyLEYpXEwDq5VKZ914Ws4NRgNOBM2B1e4pSWxuvl4JbaSYicUNQFvtahwHYYQJ5SDpnlPXVPX/ksX6Hfw==

parsegraph-gettimeinmillis@^1.4.7:
  version "1.4.7"
  resolved "https://registry.yarnpkg.com/parsegraph-gettimeinmillis/-/parsegraph-gettimeinmillis-1.4.7.tgz#ee0749d2cdac66c21c5d46f9cfc41b7adf562bd4"
  integrity sha512-JssLleswIxH53iTWC8XZUw4grZp2lDdtl7NCYf50v5n2u1lGXpeRjn1JNW1td2iqlqAy3E/nzBXzDXZpQdMMsg==

parsegraph-gettimeinmillis@^1.4.9:
  version "1.4.9"
  resolved "https://registry.yarnpkg.com/parsegraph-gettimeinmillis/-/parsegraph-gettimeinmillis-1.4.9.tgz#2b921d515b1cf767d8a84447e8c7d0376b344d86"
  integrity sha512-az+nImOhRkRJDUyn/QgA5Pgb7aSIeXlHL3i+hBPFxCD9cVRFy99MxKrcqxaRCQqcg2vFtP1GhacbkWx598vwtw==

parsegraph-graphpainter@^2.6.8:
  version "2.6.8"
  resolved "https://registry.yarnpkg.com/parsegraph-graphpainter/-/parsegraph-graphpainter-2.6.8.tgz#7eb9e3dae10c5af1e0a340acc1171a6a36baa8fe"
  integrity sha512-xAGutTA39Nx13RjgJwOUOnewOmgqxZ49fsHyeHilbsVFpi1+9UheCI3ecda1ke/8QWyn1kMgETxnX5ZJiIVqYw==
  dependencies:
    parsegraph-block "^4.6.17"

parsegraph-input@^2.0.10:
  version "2.0.10"
  resolved "https://registry.yarnpkg.com/parsegraph-input/-/parsegraph-input-2.0.10.tgz#e029a110dd63f51ed063ce5c928458c760d55e83"
  integrity sha512-49Lkp61P2PFPtI5Nweze/uxzn5xeDQW634xOguxoH5QZS+oX1HcOxVywJtCzZUJw1yIXbjqperBR0l2SiXM0wA==
  dependencies:
    parsegraph-fuzzyequals "^1.4.12"
    parsegraph-matrix "^1.4.15"
    parsegraph-normalizewheel "^1.4.9"

parsegraph-interact@^1.7.5:
  version "1.7.5"
  resolved "https://registry.yarnpkg.com/parsegraph-interact/-/parsegraph-interact-1.7.5.tgz#f8fa341f4eef05c72074b09a44cb354ec2ef4c7f"
  integrity sha512-RgAiUt78yTLCE/TxVOFhAvzbebb+nNNcZfAtJRajxKU0wf9gTzk2VD5r6PSj7KvCy5ZJ/8ng1mJevcS5kfy5vw==
  dependencies:
    parsegraph-input "^2.0.10"
    parsegraph-method "^1.4.25"

parsegraph-layout@^1.13.16:
  version "1.13.16"
  resolved "https://registry.yarnpkg.com/parsegraph-layout/-/parsegraph-layout-1.13.16.tgz#833479568dd53083848bc8140a6f37bc44d8e06f"
  integrity sha512-KgZodVQ9VPK+Ai/K6/tU+p5j1KiqBMZ1MtefCA940nXXBfSLwjHgquChr0uhmOZLo+JgOnCKQBxhUj3u+V6hrg==
  dependencies:
    parsegraph-direction "^2.2.3"
    parsegraph-extent "^1.4.14"
    parsegraph-rect "^1.5.4"
    parsegraph-size "^1.7.4"
    parsegraph-timing "^1.4.17"

parsegraph-layout@^1.13.17:
  version "1.13.17"
  resolved "https://registry.yarnpkg.com/parsegraph-layout/-/parsegraph-layout-1.13.17.tgz#f70a2999616be16da14a8e94bed111787ba79e5b"
  integrity sha512-3rQBNa9Tcis8GoORkxcsn0gIwRsHerWHflm9sTGaJtYKn0xKWBTkh1S55BvnHPD6PAQgvktfx+xyq1T/QV5POQ==
  dependencies:
    parsegraph-direction "^2.2.4"
    parsegraph-extent "^1.4.14"
    parsegraph-rect "^1.5.4"
    parsegraph-size "^1.7.4"
    parsegraph-timing "^1.4.19"

parsegraph-lerp@^1.5.11:
  version "1.5.11"
  resolved "https://registry.yarnpkg.com/parsegraph-lerp/-/parsegraph-lerp-1.5.11.tgz#d9689ff95a867cb8c7212df2de6fdcd4abf80c23"
  integrity sha512-6jpf0CAdw3eMn6+2arfsjFpJXEff5ZamYUwoTQzydlUIl7wl04FMVFwLgicymRVoo9ifqExizHkZOTwg5BdL3A==

parsegraph-log@^1.9.2:
  version "1.9.2"
  resolved "https://registry.yarnpkg.com/parsegraph-log/-/parsegraph-log-1.9.2.tgz#e024e1da4494ab107bb06bbfd61b5437a70f993f"
  integrity sha512-QC7jhR6hxg6crjUb+l0djT+msE7ZB0uoKNIyv/tpUf/fuCuNctQUSEIZWBLPHTIeQxMue0f7YqSssjhnGDm0Bw==

parsegraph-matrix@^1.4.15:
  version "1.4.15"
  resolved "https://registry.yarnpkg.com/parsegraph-matrix/-/parsegraph-matrix-1.4.15.tgz#7af28a980ca7c3274954e69f7a2d6beb7c79ccdf"
  integrity sha512-1sTQoPFD00trS/PJ92Nt6xSBB1F9WYFVH+vuEodtIlw3X6vhb53e4dv1UV26noekGwTkgURia2djNUcGj3wNeA==

parsegraph-method@^1.4.23:
  version "1.4.23"
  resolved "https://registry.yarnpkg.com/parsegraph-method/-/parsegraph-method-1.4.23.tgz#4d343992401b6ee8438c81b916c8e6de6757807a"
  integrity sha512-ObCyrlgH81A3QOjPo/eaw7t9e8I10f3vTUdecvtqdAcTsgPxB/yj9IzHefwvTItqCOOqqtYo8qhKs+juSlbNQw==

parsegraph-method@^1.4.25:
  version "1.4.25"
  resolved "https://registry.yarnpkg.com/parsegraph-method/-/parsegraph-method-1.4.25.tgz#1ec5ebe3724424a91161f3e7270667603a14ac16"
  integrity sha512-OAH4Vxz/+krd83mdDgKdKJdoT/+Coad4APVyIbGp+tfQgkrckFSpnW25XvfFrdAUXk9lfjzCDgdLV5otE7yxXA==

parsegraph-normalizewheel@^1.4.9:
  version "1.4.9"
  resolved "https://registry.yarnpkg.com/parsegraph-normalizewheel/-/parsegraph-normalizewheel-1.4.9.tgz#c4fcbebdd4803d458d486565b1f91f2d90ef19ad"
  integrity sha512-QqSNDEzTMgMhddJeyDPn/pwI04ytBrdNMSJWix5+yv/fawSWOkmhrfc2sVKvjEVgYCnQosfQAC6w5aQ54QLUcg==

parsegraph-pagingbuffer@^2.1.7:
  version "2.1.7"
  resolved "https://registry.yarnpkg.com/parsegraph-pagingbuffer/-/parsegraph-pagingbuffer-2.1.7.tgz#11a44fabd68ddc8e2485457d04489504ec37d633"
  integrity sha512-VYshpAa3itwifJJZhNn1Q2ecxeRjOX6ow0VbqjS3SSMu9liUaI+M8mShEObgUmBR2IbS7I/hUrPCM9w886B2Ew==

parsegraph-projector@^1.14.8:
  version "1.14.8"
  resolved "https://registry.yarnpkg.com/parsegraph-projector/-/parsegraph-projector-1.14.8.tgz#f475c4082ee4a5e525c492a695bc6f0d22146c7d"
  integrity sha512-J9pObEohnjTVJat8M2vFWCs7NsfhXkaofQVaIMDTosthwbQdMkGpMutGw04acoenfobwoXExb5SGRJ7mUlRUgA==
  dependencies:
    parsegraph-compileprogram "^2.2.20"
    parsegraph-matrix "^1.4.15"
    parsegraph-rect "^1.5.4"
    parsegraph-timing "^1.4.17"
    parsegraph-timingbelt "^1.8.1"

parsegraph-projector@^1.14.9:
  version "1.14.9"
  resolved "https://registry.yarnpkg.com/parsegraph-projector/-/parsegraph-projector-1.14.9.tgz#6aa4acb1c19268e277d254af41abf1c993942f95"
  integrity sha512-W/WoqPhXkROp0UbMNsN6VMqiFc9s4+GrtYO6yslGhEFax7vRNpZZK3pr4R/ljow7s3dDMxfOJcDP9ka/SJl5nw==
  dependencies:
    parsegraph-compileprogram "^2.2.20"
    parsegraph-matrix "^1.4.15"
    parsegraph-rect "^1.5.4"
    parsegraph-timing "^1.4.19"
    parsegraph-timingbelt "^1.8.3"

parsegraph-rect@^1.5.4:
  version "1.5.4"
  resolved "https://registry.yarnpkg.com/parsegraph-rect/-/parsegraph-rect-1.5.4.tgz#2d6e75785133227cf7df5c8d4798dfd4e0bc91be"
  integrity sha512-zDQLb7w5iEUIZuBhfYzt7Zr61vtzGSdA3QSaT9wbnDhTJv1TkIsdPVYmLbyrIZywtPeB0yezT4FT8iP4xtojSg==

parsegraph-scene@^2.3.30:
  version "2.3.31"
  resolved "https://registry.yarnpkg.com/parsegraph-scene/-/parsegraph-scene-2.3.31.tgz#a9db47f83f2cfecc287d8c906d1dd7e294e93842"
  integrity sha512-uwuTwVXpu58SIOywEwRDjmVr7SHcz6vKhKUH9OX+fZ35AcYZ6pK+eXB0H1Y9Xw/1aZ9kmTWGFydQVqO1U1QTOA==
  dependencies:
    parsegraph-camera "^1.4.22"
    parsegraph-color "^1.4.12"
    parsegraph-layout "^1.13.17"
    parsegraph-matrix "^1.4.15"
    parsegraph-method "^1.4.25"
    parsegraph-projector "^1.14.9"
    parsegraph-rect "^1.5.4"
    parsegraph-timing "^1.4.19"
    parsegraph-timingbelt "^1.8.3"

parsegraph-shader@^1.5.8:
  version "1.5.8"
  resolved "https://registry.yarnpkg.com/parsegraph-shader/-/parsegraph-shader-1.5.8.tgz#6413de310e32392f904cc350c12dfe35707d0643"
  integrity sha512-2SuWPjYuLyiJuUQUpVY2rCOaHUZ2yFs6TuMpNKvrc4zROg6xrRyyPQP2mNScbAWk8NA4vssg7j2MLvQsNFvK3w==

parsegraph-showincamera@^1.7.14:
  version "1.7.14"
  resolved "https://registry.yarnpkg.com/parsegraph-showincamera/-/parsegraph-showincamera-1.7.14.tgz#82152eb65df8e46c0e9c8fa5e7bb4e82cd4f9ed1"
  integrity sha512-5JL67Bcbpk2iR9MB2dR3JDu+F7+lbQM/6C9iucyzidg8jTNgn6DE/KM/G5Ag92BnaAArEpGBKU16bvLr9izDLw==
  dependencies:
    parsegraph-camera "^1.4.22"
    parsegraph-direction "^2.2.3"
    parsegraph-layout "^1.13.16"
    parsegraph-size "^1.7.4"

parsegraph-size@^1.7.4:
  version "1.7.4"
  resolved "https://registry.yarnpkg.com/parsegraph-size/-/parsegraph-size-1.7.4.tgz#717ffa354b2d8be7af912069b41888b916845aee"
  integrity sha512-4Rk3H99kmb1eyGO+0l/uyQM7TbcLLFCVBCdhKTK70An0iK3PYssF3y/48LQhUy+U6r6X9Pr7eeM7M7w1vZVAYg==

parsegraph-smoothstep@^1.4.8:
  version "1.4.8"
  resolved "https://registry.yarnpkg.com/parsegraph-smoothstep/-/parsegraph-smoothstep-1.4.8.tgz#a259ec83bce214abd0ab1e04b3a01491ae5d4c7e"
  integrity sha512-3BWmy2Dopv5VUjeMv24RVSvEHzzfKJNV5sQuU1ios18pOXfFQhnhXVC62hi1MHm48619k0gMMyl0GPZsyV91nw==

parsegraph-spotlightpainter@^2.3.16:
  version "2.3.16"
  resolved "https://registry.yarnpkg.com/parsegraph-spotlightpainter/-/parsegraph-spotlightpainter-2.3.16.tgz#7492c4be3431509837c746290d8e3ae60ef248de"
  integrity sha512-o5TbuA9LGvcBMMzD19mXysSfCIQuCFpTBES7aJvW9X71jhyjXor1RymHgK5vIAef6K3D5/p+c+yWvqh8SI7GFQ==
  dependencies:
    parsegraph-color "^1.4.12"
    parsegraph-compileprogram "^2.2.20"
    parsegraph-matrix "^1.4.15"
    parsegraph-pagingbuffer "^2.1.7"

parsegraph-texturepainter@^1.6.16:
  version "1.6.16"
  resolved "https://registry.yarnpkg.com/parsegraph-texturepainter/-/parsegraph-texturepainter-1.6.16.tgz#e5b9386d84dc5c4da070fdf7e67ad83ff3f15ac2"
  integrity sha512-20wSqGaoAYUeFePtascltJxT+tcrNNB42JZZK/sjRWfTFu7rn2ANnH+x51KALaOtDtvlSo6Y0F5BWZ7eDAih8w==
  dependencies:
    parsegraph-color "^1.4.12"
    parsegraph-compileprogram "^2.2.20"
    parsegraph-matrix "^1.4.15"
    parsegraph-pagingbuffer "^2.1.7"

parsegraph-timing@^1.4.17:
  version "1.4.17"
  resolved "https://registry.yarnpkg.com/parsegraph-timing/-/parsegraph-timing-1.4.17.tgz#f75e5bd0e7c96beb09bfa42a43ca46400494849b"
  integrity sha512-HiAakwOV0Ma/5eLVTOwUcU0D0OpeTqOAP4/hTy6t1n8YKd5vgGem67110kl2+k/9DtL423zGsim1astDVqz+sw==
  dependencies:
    parsegraph-gettimeinmillis "^1.4.7"
    parsegraph-method "^1.4.23"

parsegraph-timing@^1.4.19:
  version "1.4.19"
  resolved "https://registry.yarnpkg.com/parsegraph-timing/-/parsegraph-timing-1.4.19.tgz#cf8787acc2aeb7f387eb6faf1857227e8c6407e4"
  integrity sha512-7ZQP2jedcS+V4wcPsLE8epY4v0XyNq8VgV7QuriUTATynXHB0EOnYTIMhA7hame+ocCOD1Pr7jSUB/WOnmLd3w==
  dependencies:
    parsegraph-gettimeinmillis "^1.4.9"
    parsegraph-method "^1.4.25"

parsegraph-timingbelt@^1.8.1, parsegraph-timingbelt@^1.8.3:
  version "1.8.3"
  resolved "https://registry.yarnpkg.com/parsegraph-timingbelt/-/parsegraph-timingbelt-1.8.3.tgz#2c966b4e42f4d4545c574605a828ea94a2c1eda8"
  integrity sha512-rWetuLTeBTS6zFZYWGPIUueKfCDhCu56ZFPEHC7vd7vrxcz0zMUUHJNoIQ4PYtHc9FoGvSmCPoOPxrzXXgNpaw==
  dependencies:
    parsegraph-method "^1.4.25"
    parsegraph-timing "^1.4.19"

parsegraph-toradians@^1.4.12:
  version "1.4.12"
  resolved "https://registry.yarnpkg.com/parsegraph-toradians/-/parsegraph-toradians-1.4.12.tgz#5c342a4c3a8f5daeb7e57a2823ac5a4eda9eae67"
  integrity sha512-sHNS62fCk3OsYHEav59pe+s3n2gpWhIjH6zKsi4Uibl1ZdW7C7xe9RMLJonfsrliyneYytcmBJ/hPfQVZxl+HA==
